
Microsoft Visual Studio Solution File, Format Version 12.00
# Visual Studio Version 17
VisualStudioVersion = 17.3.32901.215
MinimumVisualStudioVersion = 10.0.40219.1
Project("{FAE04EC0-301F-11D3-BF4B-00C04F79EFBC}") = "MusicPlayer", "MusicPlayer\MusicPlayer.csproj", "{0926F6A0-39E3-48E8-BE8C-BE20843E8BEB}"
EndProject
Global
	GlobalSection(SolutionConfigurationPlatforms) = preSolution
		Debug|Any CPU = Debug|Any CPU
		Release|Any CPU = Release|Any CPU
	EndGlobalSection
	GlobalSection(ProjectConfigurationPlatforms) = postSolution
		{0926F6A0-39E3-48E8-BE8C-BE20843E8BEB}.Debug|Any CPU.ActiveCfg = Debug|Any CPU
		{0926F6A0-39E3-48E8-BE8C-BE20843E8BEB}.Debug|Any CPU.Build.0 = Debug|Any CPU
		{0926F6A0-39E3-48E8-BE8C-BE20843E8BEB}.Release|Any CPU.ActiveCfg = Release|Any CPU
		{0926F6A0-39E3-48E8-BE8C-BE20843E8BEB}.Release|Any CPU.Build.0 = Release|Any CPU
	EndGlobalSection
	GlobalSection(SolutionProperties) = preSolution
		HideSolutionNode = FALSE
	EndGlobalSection
	GlobalSection(ExtensibilityGlobals) = postSolution
		SolutionGuid = {AE39C4EE-E98C-414C-AC04-25C5E55791FC}
	EndGlobalSection
EndGlobal
